{
  "name": "creator-docs",
  "version": "1.6.1",
  "lockfileVersion": 1,
  "requires": true,
  "dependencies": {
    "gitment": {
      "version": "0.0.3",
      "resolved": "http://registry.npm.taobao.org/gitment/download/gitment-0.0.3.tgz",
      "integrity": "sha1-28y610gLE0W2VpE71w7/eSp7OLg=",
      "requires": {
        "mobx": "3.3.0"
      }
    },
    "mobx": {
      "version": "3.3.0",
      "resolved": "http://registry.npm.taobao.org/mobx/download/mobx-3.3.0.tgz",
      "integrity": "sha1-G8HdfnhUcGWvBLSb238gmMraR6o="
    }
  }
}
